
Microsoft Visual Studio Solution File, Format Version 12.00
# Visual Studio Version 16
VisualStudioVersion = 16.0.34031.81
MinimumVisualStudioVersion = 10.0.40219.1
Project("{FAE04EC0-301F-11D3-BF4B-00C04F79EFBC}") = "ActronCoding", "ActronCoding\ActronCoding.csproj", "{70AD0B6B-8473-4979-89EE-02BA9F884E3E}"
EndProject
Project("{FAE04EC0-301F-11D3-BF4B-00C04F79EFBC}") = "ActronCoding.Tests", "ActronCoding.Tests\ActronCoding.Tests.csproj", "{B8EBD6C0-2160-4FFE-BF2C-775C94BF5627}"
EndProject
Global
	GlobalSection(SolutionConfigurationPlatforms) = preSolution
		Debug|Any CPU = Debug|Any CPU
		Release|Any CPU = Release|Any CPU
	EndGlobalSection
	GlobalSection(ProjectConfigurationPlatforms) = postSolution
		{70AD0B6B-8473-4979-89EE-02BA9F884E3E}.Debug|Any CPU.ActiveCfg = Debug|Any CPU
		{70AD0B6B-8473-4979-89EE-02BA9F884E3E}.Debug|Any CPU.Build.0 = Debug|Any CPU
		{70AD0B6B-8473-4979-89EE-02BA9F884E3E}.Release|Any CPU.ActiveCfg = Release|Any CPU
		{70AD0B6B-8473-4979-89EE-02BA9F884E3E}.Release|Any CPU.Build.0 = Release|Any CPU
		{B8EBD6C0-2160-4FFE-BF2C-775C94BF5627}.Debug|Any CPU.ActiveCfg = Debug|Any CPU
		{B8EBD6C0-2160-4FFE-BF2C-775C94BF5627}.Debug|Any CPU.Build.0 = Debug|Any CPU
		{B8EBD6C0-2160-4FFE-BF2C-775C94BF5627}.Release|Any CPU.ActiveCfg = Release|Any CPU
		{B8EBD6C0-2160-4FFE-BF2C-775C94BF5627}.Release|Any CPU.Build.0 = Release|Any CPU
	EndGlobalSection
	GlobalSection(SolutionProperties) = preSolution
		HideSolutionNode = FALSE
	EndGlobalSection
	GlobalSection(ExtensibilityGlobals) = postSolution
		SolutionGuid = {E50A4BEE-CC22-4FA1-9A35-6364BF34E334}
	EndGlobalSection
EndGlobal
